Microsoft Visual Studio Solution File, Format Version 12.00
# Visual Studio Version 17
VisualStudioVersion = 17.5.2.0
MinimumVisualStudioVersion = 10.0.40219.1
Project("{FAE04EC0-301F-11D3-BF4B-00C04F79EFBC}") = "03", "03.csproj", "{9209B2ED-548A-DC1A-2AF8-ABE277AC06BF}"
EndProject
Global
	GlobalSection(SolutionConfigurationPlatforms) = preSolution
		Debug|Any CPU = Debug|Any CPU
		Release|Any CPU = Release|Any CPU
	EndGlobalSection
	GlobalSection(ProjectConfigurationPlatforms) = postSolution
		{9209B2ED-548A-DC1A-2AF8-ABE277AC06BF}.Debug|Any CPU.ActiveCfg = Debug|Any CPU
		{9209B2ED-548A-DC1A-2AF8-ABE277AC06BF}.Debug|Any CPU.Build.0 = Debug|Any CPU
		{9209B2ED-548A-DC1A-2AF8-ABE277AC06BF}.Release|Any CPU.ActiveCfg = Release|Any CPU
		{9209B2ED-548A-DC1A-2AF8-ABE277AC06BF}.Release|Any CPU.Build.0 = Release|Any CPU
	EndGlobalSection
	GlobalSection(SolutionProperties) = preSolution
		HideSolutionNode = FALSE
	EndGlobalSection
	GlobalSection(ExtensibilityGlobals) = postSolution
		SolutionGuid = {C6C1763C-CFB2-4731-9275-7B50220A0904}
	EndGlobalSection
EndGlobal
